
Microsoft Visual Studio Solution File, Format Version 12.00
# Visual Studio 14
VisualStudioVersion = 14.0.25420.1
MinimumVisualStudioVersion = 10.0.40219.1
Project("{FAE04EC0-301F-11D3-BF4B-00C04F79EFBC}") = "RedArrow.Jsorm.Core", "RedArrow.Jsorm.Core\RedArrow.Jsorm.Core.csproj", "{F540B5CA-B7C2-4799-9EB2-B5401BD1F28C}"
EndProject
Project("{2150E333-8FDC-42A3-9474-1A3956D46DE8}") = "~Tests", "~Tests", "{38A57A5C-EF3C-423E-A33E-5796E03760AD}"
EndProject
Global
	GlobalSection(SolutionConfigurationPlatforms) = preSolution
		Debug|Any CPU = Debug|Any CPU
		Release|Any CPU = Release|Any CPU
	EndGlobalSection
	GlobalSection(ProjectConfigurationPlatforms) = postSolution
		{F540B5CA-B7C2-4799-9EB2-B5401BD1F28C}.Debug|Any CPU.ActiveCfg = Debug|Any CPU
		{F540B5CA-B7C2-4799-9EB2-B5401BD1F28C}.Debug|Any CPU.Build.0 = Debug|Any CPU
		{F540B5CA-B7C2-4799-9EB2-B5401BD1F28C}.Release|Any CPU.ActiveCfg = Release|Any CPU
		{F540B5CA-B7C2-4799-9EB2-B5401BD1F28C}.Release|Any CPU.Build.0 = Release|Any CPU
	EndGlobalSection
	GlobalSection(SolutionProperties) = preSolution
		HideSolutionNode = FALSE
	EndGlobalSection
EndGlobal
