
Microsoft Visual Studio Solution File, Format Version 12.00
# Visual Studio 14
VisualStudioVersion = 14.0.25420.1
MinimumVisualStudioVersion = 10.0.40219.1
Project("{2150E333-8FDC-42A3-9474-1A3956D46DE8}") = "~Tests", "~Tests", "{38A57A5C-EF3C-423E-A33E-5796E03760AD}"
EndProject
Project("{FAE04EC0-301F-11D3-BF4B-00C04F79EFBC}") = "RedArrow.Argo.Fody.InSolutionWeaver", "Weavers\RedArrow.Argo.Fody.InSolutionWeaver.csproj", "{E447B66C-DACE-41E3-97EE-2B4E02F3FE2F}"
EndProject
Project("{FAE04EC0-301F-11D3-BF4B-00C04F79EFBC}") = "WovenByTest", "WovenByTest\WovenByTest.csproj", "{82852F00-7C73-4351-95A2-83E88D4C760C}"
EndProject
Project("{2150E333-8FDC-42A3-9474-1A3956D46DE8}") = "Client", "Client", "{592EB2FD-C99F-4C18-81E8-3F429032F004}"
EndProject
Project("{2150E333-8FDC-42A3-9474-1A3956D46DE8}") = "Fody", "Fody", "{1F076D25-FB41-4D5D-BAF0-5E43403A4F6B}"
EndProject
Project("{FAE04EC0-301F-11D3-BF4B-00C04F79EFBC}") = "Fody.Nuget", "Fody.NuGet\Fody.Nuget.csproj", "{63786CE5-D899-43DF-AD4E-C2CA3BAC3FC2}"
	ProjectSection(ProjectDependencies) = postProject
		{BD5259A0-0735-456A-9B93-C665AA0A3353} = {BD5259A0-0735-456A-9B93-C665AA0A3353}
		{F540B5CA-B7C2-4799-9EB2-B5401BD1F28C} = {F540B5CA-B7C2-4799-9EB2-B5401BD1F28C}
	EndProjectSection
EndProject
Project("{FAE04EC0-301F-11D3-BF4B-00C04F79EFBC}") = "Client.Nuget", "Client.Nuget\Client.Nuget.csproj", "{087265B2-671A-4D68-BFC9-1AC59FCBC8E0}"
	ProjectSection(ProjectDependencies) = postProject
		{CCF8A55F-64F2-4305-ABAD-2A3DF0FD3FE0} = {CCF8A55F-64F2-4305-ABAD-2A3DF0FD3FE0}
		{F540B5CA-B7C2-4799-9EB2-B5401BD1F28C} = {F540B5CA-B7C2-4799-9EB2-B5401BD1F28C}
	EndProjectSection
EndProject
Project("{FAE04EC0-301F-11D3-BF4B-00C04F79EFBC}") = "RedArrow.Argo", "RedArrow.Argo\RedArrow.Argo.csproj", "{F540B5CA-B7C2-4799-9EB2-B5401BD1F28C}"
EndProject
Project("{FAE04EC0-301F-11D3-BF4B-00C04F79EFBC}") = "RedArrow.Argo.Fody", "RedArrow.Argo.Fody\RedArrow.Argo.Fody.csproj", "{BD5259A0-0735-456A-9B93-C665AA0A3353}"
EndProject
Project("{FAE04EC0-301F-11D3-BF4B-00C04F79EFBC}") = "RedArrow.Argo.Client", "RedArrow.Argo.Client\RedArrow.Argo.Client.csproj", "{CCF8A55F-64F2-4305-ABAD-2A3DF0FD3FE0}"
EndProject
Project("{FAE04EC0-301F-11D3-BF4B-00C04F79EFBC}") = "RedArrow.Argo.Client.Tests", "RedArrow.Argo.Client.Tests\RedArrow.Argo.Client.Tests.csproj", "{E39802F1-9855-47BC-A944-AD03564C7C71}"
EndProject
Project("{FAE04EC0-301F-11D3-BF4B-00C04F79EFBC}") = "RedArrow.Argo.Fody.Tests", "RedArrow.Argo.Fody.Tests\RedArrow.Argo.Fody.Tests.csproj", "{C4C43A55-FD6A-4657-B6A1-1639CB8BBA3C}"
EndProject
Project("{FAE04EC0-301F-11D3-BF4B-00C04F79EFBC}") = "RedArrow.Argo.TestUtils", "RedArrow.Argo.TestUtils\RedArrow.Argo.TestUtils.csproj", "{82812774-13B2-4733-A029-89252E6E6DF4}"
EndProject
Project("{FAE04EC0-301F-11D3-BF4B-00C04F79EFBC}") = "RedArrow.Argo.Integration", "RedArrow.Argo.Integration\RedArrow.Argo.Integration.csproj", "{C30CF711-FA9E-4117-9759-12FE27D6F05B}"
EndProject
Project("{2150E333-8FDC-42A3-9474-1A3956D46DE8}") = "WovenAssemblies", "WovenAssemblies", "{AD3337CD-2C78-4F77-BB79-F34F0A91E452}"
EndProject
Project("{D954291E-2A0B-460D-934E-DC6B0785DB48}") = "WovenByFody", "WovenByFody\WovenByFody.shproj", "{686D9227-964C-4073-AAFF-A26CCEC1CA48}"
EndProject
Project("{FAE04EC0-301F-11D3-BF4B-00C04F79EFBC}") = "WovenByFody.Net45", "WovenByFody.Net45\WovenByFody.Net45.csproj", "{D7DA07D0-AAB7-44D5-B69B-46A7555C64F1}"
	ProjectSection(ProjectDependencies) = postProject
		{E447B66C-DACE-41E3-97EE-2B4E02F3FE2F} = {E447B66C-DACE-41E3-97EE-2B4E02F3FE2F}
	EndProjectSection
EndProject
Project("{FAE04EC0-301F-11D3-BF4B-00C04F79EFBC}") = "WovenByFody.NETStandard14", "WovenByFody.NETStandard14\WovenByFody.NETStandard14.csproj", "{14153E37-E5BF-46BC-8635-1B473148A8BF}"
	ProjectSection(ProjectDependencies) = postProject
		{E447B66C-DACE-41E3-97EE-2B4E02F3FE2F} = {E447B66C-DACE-41E3-97EE-2B4E02F3FE2F}
	EndProjectSection
EndProject
Project("{D954291E-2A0B-460D-934E-DC6B0785DB48}") = "RedArrow.Argo.Fody.Shared", "RedArrow.Argo.Fody.Shared\RedArrow.Argo.Fody.Shared.shproj", "{08771A46-2734-466E-BA0D-DDEC49301EEA}"
EndProject
Global
	GlobalSection(SharedMSBuildProjectFiles) = preSolution
		RedArrow.Argo.Fody.Shared\RedArrow.Argo.Fody.Shared.projitems*{08771a46-2734-466e-ba0d-ddec49301eea}*SharedItemsImports = 13
		WovenByFody\WovenByFody.projitems*{14153e37-e5bf-46bc-8635-1b473148a8bf}*SharedItemsImports = 4
		WovenByFody\WovenByFody.projitems*{686d9227-964c-4073-aaff-a26ccec1ca48}*SharedItemsImports = 13
		RedArrow.Argo.Fody.Shared\RedArrow.Argo.Fody.Shared.projitems*{bd5259a0-0735-456a-9b93-c665aa0a3353}*SharedItemsImports = 4
		WovenByFody\WovenByFody.projitems*{d7da07d0-aab7-44d5-b69b-46a7555c64f1}*SharedItemsImports = 4
		RedArrow.Argo.Fody.Shared\RedArrow.Argo.Fody.Shared.projitems*{e447b66c-dace-41e3-97ee-2b4e02f3fe2f}*SharedItemsImports = 4
	EndGlobalSection
	GlobalSection(SolutionConfigurationPlatforms) = preSolution
		Debug|Any CPU = Debug|Any CPU
		Release|Any CPU = Release|Any CPU
	EndGlobalSection
	GlobalSection(ProjectConfigurationPlatforms) = postSolution
		{E447B66C-DACE-41E3-97EE-2B4E02F3FE2F}.Debug|Any CPU.ActiveCfg = Debug|Any CPU
		{E447B66C-DACE-41E3-97EE-2B4E02F3FE2F}.Debug|Any CPU.Build.0 = Debug|Any CPU
		{E447B66C-DACE-41E3-97EE-2B4E02F3FE2F}.Release|Any CPU.ActiveCfg = Release|Any CPU
		{E447B66C-DACE-41E3-97EE-2B4E02F3FE2F}.Release|Any CPU.Build.0 = Release|Any CPU
		{82852F00-7C73-4351-95A2-83E88D4C760C}.Debug|Any CPU.ActiveCfg = Debug|Any CPU
		{82852F00-7C73-4351-95A2-83E88D4C760C}.Debug|Any CPU.Build.0 = Debug|Any CPU
		{82852F00-7C73-4351-95A2-83E88D4C760C}.Release|Any CPU.ActiveCfg = Release|Any CPU
		{82852F00-7C73-4351-95A2-83E88D4C760C}.Release|Any CPU.Build.0 = Release|Any CPU
		{63786CE5-D899-43DF-AD4E-C2CA3BAC3FC2}.Debug|Any CPU.ActiveCfg = Debug|Any CPU
		{63786CE5-D899-43DF-AD4E-C2CA3BAC3FC2}.Debug|Any CPU.Build.0 = Debug|Any CPU
		{63786CE5-D899-43DF-AD4E-C2CA3BAC3FC2}.Release|Any CPU.ActiveCfg = Release|Any CPU
		{63786CE5-D899-43DF-AD4E-C2CA3BAC3FC2}.Release|Any CPU.Build.0 = Release|Any CPU
		{087265B2-671A-4D68-BFC9-1AC59FCBC8E0}.Debug|Any CPU.ActiveCfg = Debug|Any CPU
		{087265B2-671A-4D68-BFC9-1AC59FCBC8E0}.Debug|Any CPU.Build.0 = Debug|Any CPU
		{087265B2-671A-4D68-BFC9-1AC59FCBC8E0}.Release|Any CPU.ActiveCfg = Release|Any CPU
		{087265B2-671A-4D68-BFC9-1AC59FCBC8E0}.Release|Any CPU.Build.0 = Release|Any CPU
		{F540B5CA-B7C2-4799-9EB2-B5401BD1F28C}.Debug|Any CPU.ActiveCfg = Debug|Any CPU
		{F540B5CA-B7C2-4799-9EB2-B5401BD1F28C}.Debug|Any CPU.Build.0 = Debug|Any CPU
		{F540B5CA-B7C2-4799-9EB2-B5401BD1F28C}.Release|Any CPU.ActiveCfg = Release|Any CPU
		{F540B5CA-B7C2-4799-9EB2-B5401BD1F28C}.Release|Any CPU.Build.0 = Release|Any CPU
		{BD5259A0-0735-456A-9B93-C665AA0A3353}.Debug|Any CPU.ActiveCfg = Debug|Any CPU
		{BD5259A0-0735-456A-9B93-C665AA0A3353}.Debug|Any CPU.Build.0 = Debug|Any CPU
		{BD5259A0-0735-456A-9B93-C665AA0A3353}.Release|Any CPU.ActiveCfg = Release|Any CPU
		{BD5259A0-0735-456A-9B93-C665AA0A3353}.Release|Any CPU.Build.0 = Release|Any CPU
		{CCF8A55F-64F2-4305-ABAD-2A3DF0FD3FE0}.Debug|Any CPU.ActiveCfg = Debug|Any CPU
		{CCF8A55F-64F2-4305-ABAD-2A3DF0FD3FE0}.Debug|Any CPU.Build.0 = Debug|Any CPU
		{CCF8A55F-64F2-4305-ABAD-2A3DF0FD3FE0}.Release|Any CPU.ActiveCfg = Release|Any CPU
		{CCF8A55F-64F2-4305-ABAD-2A3DF0FD3FE0}.Release|Any CPU.Build.0 = Release|Any CPU
		{E39802F1-9855-47BC-A944-AD03564C7C71}.Debug|Any CPU.ActiveCfg = Debug|Any CPU
		{E39802F1-9855-47BC-A944-AD03564C7C71}.Debug|Any CPU.Build.0 = Debug|Any CPU
		{E39802F1-9855-47BC-A944-AD03564C7C71}.Release|Any CPU.ActiveCfg = Release|Any CPU
		{E39802F1-9855-47BC-A944-AD03564C7C71}.Release|Any CPU.Build.0 = Release|Any CPU
		{C4C43A55-FD6A-4657-B6A1-1639CB8BBA3C}.Debug|Any CPU.ActiveCfg = Debug|Any CPU
		{C4C43A55-FD6A-4657-B6A1-1639CB8BBA3C}.Debug|Any CPU.Build.0 = Debug|Any CPU
		{C4C43A55-FD6A-4657-B6A1-1639CB8BBA3C}.Release|Any CPU.ActiveCfg = Release|Any CPU
		{C4C43A55-FD6A-4657-B6A1-1639CB8BBA3C}.Release|Any CPU.Build.0 = Release|Any CPU
		{82812774-13B2-4733-A029-89252E6E6DF4}.Debug|Any CPU.ActiveCfg = Debug|Any CPU
		{82812774-13B2-4733-A029-89252E6E6DF4}.Debug|Any CPU.Build.0 = Debug|Any CPU
		{82812774-13B2-4733-A029-89252E6E6DF4}.Release|Any CPU.ActiveCfg = Release|Any CPU
		{82812774-13B2-4733-A029-89252E6E6DF4}.Release|Any CPU.Build.0 = Release|Any CPU
		{C30CF711-FA9E-4117-9759-12FE27D6F05B}.Debug|Any CPU.ActiveCfg = Debug|Any CPU
		{C30CF711-FA9E-4117-9759-12FE27D6F05B}.Debug|Any CPU.Build.0 = Debug|Any CPU
		{C30CF711-FA9E-4117-9759-12FE27D6F05B}.Release|Any CPU.ActiveCfg = Release|Any CPU
		{C30CF711-FA9E-4117-9759-12FE27D6F05B}.Release|Any CPU.Build.0 = Release|Any CPU
		{D7DA07D0-AAB7-44D5-B69B-46A7555C64F1}.Debug|Any CPU.ActiveCfg = Debug|Any CPU
		{D7DA07D0-AAB7-44D5-B69B-46A7555C64F1}.Debug|Any CPU.Build.0 = Debug|Any CPU
		{D7DA07D0-AAB7-44D5-B69B-46A7555C64F1}.Release|Any CPU.ActiveCfg = Release|Any CPU
		{D7DA07D0-AAB7-44D5-B69B-46A7555C64F1}.Release|Any CPU.Build.0 = Release|Any CPU
		{14153E37-E5BF-46BC-8635-1B473148A8BF}.Debug|Any CPU.ActiveCfg = Debug|Any CPU
		{14153E37-E5BF-46BC-8635-1B473148A8BF}.Debug|Any CPU.Build.0 = Debug|Any CPU
		{14153E37-E5BF-46BC-8635-1B473148A8BF}.Release|Any CPU.ActiveCfg = Release|Any CPU
		{14153E37-E5BF-46BC-8635-1B473148A8BF}.Release|Any CPU.Build.0 = Release|Any CPU
	EndGlobalSection
	GlobalSection(SolutionProperties) = preSolution
		HideSolutionNode = FALSE
	EndGlobalSection
	GlobalSection(NestedProjects) = preSolution
		{E447B66C-DACE-41E3-97EE-2B4E02F3FE2F} = {1F076D25-FB41-4D5D-BAF0-5E43403A4F6B}
		{82852F00-7C73-4351-95A2-83E88D4C760C} = {38A57A5C-EF3C-423E-A33E-5796E03760AD}
		{63786CE5-D899-43DF-AD4E-C2CA3BAC3FC2} = {1F076D25-FB41-4D5D-BAF0-5E43403A4F6B}
		{087265B2-671A-4D68-BFC9-1AC59FCBC8E0} = {592EB2FD-C99F-4C18-81E8-3F429032F004}
		{BD5259A0-0735-456A-9B93-C665AA0A3353} = {1F076D25-FB41-4D5D-BAF0-5E43403A4F6B}
		{CCF8A55F-64F2-4305-ABAD-2A3DF0FD3FE0} = {592EB2FD-C99F-4C18-81E8-3F429032F004}
		{E39802F1-9855-47BC-A944-AD03564C7C71} = {38A57A5C-EF3C-423E-A33E-5796E03760AD}
		{C4C43A55-FD6A-4657-B6A1-1639CB8BBA3C} = {38A57A5C-EF3C-423E-A33E-5796E03760AD}
		{82812774-13B2-4733-A029-89252E6E6DF4} = {38A57A5C-EF3C-423E-A33E-5796E03760AD}
		{C30CF711-FA9E-4117-9759-12FE27D6F05B} = {38A57A5C-EF3C-423E-A33E-5796E03760AD}
		{AD3337CD-2C78-4F77-BB79-F34F0A91E452} = {38A57A5C-EF3C-423E-A33E-5796E03760AD}
		{686D9227-964C-4073-AAFF-A26CCEC1CA48} = {AD3337CD-2C78-4F77-BB79-F34F0A91E452}
		{D7DA07D0-AAB7-44D5-B69B-46A7555C64F1} = {AD3337CD-2C78-4F77-BB79-F34F0A91E452}
		{14153E37-E5BF-46BC-8635-1B473148A8BF} = {AD3337CD-2C78-4F77-BB79-F34F0A91E452}
		{08771A46-2734-466E-BA0D-DDEC49301EEA} = {1F076D25-FB41-4D5D-BAF0-5E43403A4F6B}
	EndGlobalSection
EndGlobal
