
Microsoft Visual Studio Solution File, Format Version 12.00
# Visual Studio 14
VisualStudioVersion = 14.0.25420.1
MinimumVisualStudioVersion = 10.0.40219.1
Project("{2150E333-8FDC-42A3-9474-1A3956D46DE8}") = "~Tests", "~Tests", "{38A57A5C-EF3C-423E-A33E-5796E03760AD}"
EndProject
Project("{FAE04EC0-301F-11D3-BF4B-00C04F79EFBC}") = "RedArrow.Jsorm", "RedArrow.Jsorm\RedArrow.Jsorm.csproj", "{F540B5CA-B7C2-4799-9EB2-B5401BD1F28C}"
EndProject
Project("{FAE04EC0-301F-11D3-BF4B-00C04F79EFBC}") = "RedArrow.Jsorm.Tests", "RedArrow.Jsorm.Tests\RedArrow.Jsorm.Tests.csproj", "{48B4F3A3-FA21-432A-A8D3-97FD964E0061}"
EndProject
Project("{FAE04EC0-301F-11D3-BF4B-00C04F79EFBC}") = "AssemblyToWeave", "AssemblyToWeave\AssemblyToWeave.csproj", "{2AA3DFDF-F71D-4ACE-BFD5-0100EC753BC8}"
	ProjectSection(ProjectDependencies) = postProject
		{BD5259A0-0735-456A-9B93-C665AA0A3353} = {BD5259A0-0735-456A-9B93-C665AA0A3353}
	EndProjectSection
EndProject
Project("{FAE04EC0-301F-11D3-BF4B-00C04F79EFBC}") = "RedArrow.Jsorm.Sample", "RedArrow.Jsorm.Sample\RedArrow.Jsorm.Sample.csproj", "{C30CF711-FA9E-4117-9759-12FE27D6F05B}"
EndProject
Project("{FAE04EC0-301F-11D3-BF4B-00C04F79EFBC}") = "Nuget", "NuGet\Nuget.csproj", "{63786CE5-D899-43DF-AD4E-C2CA3BAC3FC2}"
EndProject
Project("{FAE04EC0-301F-11D3-BF4B-00C04F79EFBC}") = "RedArrow.Jsorm.Fody", "RedArrow.Jsorm.Fody\RedArrow.Jsorm.Fody.csproj", "{BD5259A0-0735-456A-9B93-C665AA0A3353}"
EndProject
Project("{FAE04EC0-301F-11D3-BF4B-00C04F79EFBC}") = "RedArrow.Jsorm.Fody.InSolutionWeaver", "Weavers\RedArrow.Jsorm.Fody.InSolutionWeaver.csproj", "{E447B66C-DACE-41E3-97EE-2B4E02F3FE2F}"
EndProject
Global
	GlobalSection(SolutionConfigurationPlatforms) = preSolution
		Debug|Any CPU = Debug|Any CPU
		Release|Any CPU = Release|Any CPU
	EndGlobalSection
	GlobalSection(ProjectConfigurationPlatforms) = postSolution
		{F540B5CA-B7C2-4799-9EB2-B5401BD1F28C}.Debug|Any CPU.ActiveCfg = Debug|Any CPU
		{F540B5CA-B7C2-4799-9EB2-B5401BD1F28C}.Debug|Any CPU.Build.0 = Debug|Any CPU
		{F540B5CA-B7C2-4799-9EB2-B5401BD1F28C}.Release|Any CPU.ActiveCfg = Release|Any CPU
		{F540B5CA-B7C2-4799-9EB2-B5401BD1F28C}.Release|Any CPU.Build.0 = Release|Any CPU
		{48B4F3A3-FA21-432A-A8D3-97FD964E0061}.Debug|Any CPU.ActiveCfg = Debug|Any CPU
		{48B4F3A3-FA21-432A-A8D3-97FD964E0061}.Debug|Any CPU.Build.0 = Debug|Any CPU
		{48B4F3A3-FA21-432A-A8D3-97FD964E0061}.Release|Any CPU.ActiveCfg = Release|Any CPU
		{48B4F3A3-FA21-432A-A8D3-97FD964E0061}.Release|Any CPU.Build.0 = Release|Any CPU
		{2AA3DFDF-F71D-4ACE-BFD5-0100EC753BC8}.Debug|Any CPU.ActiveCfg = Debug|Any CPU
		{2AA3DFDF-F71D-4ACE-BFD5-0100EC753BC8}.Debug|Any CPU.Build.0 = Debug|Any CPU
		{2AA3DFDF-F71D-4ACE-BFD5-0100EC753BC8}.Release|Any CPU.ActiveCfg = Release|Any CPU
		{2AA3DFDF-F71D-4ACE-BFD5-0100EC753BC8}.Release|Any CPU.Build.0 = Release|Any CPU
		{C30CF711-FA9E-4117-9759-12FE27D6F05B}.Debug|Any CPU.ActiveCfg = Debug|Any CPU
		{C30CF711-FA9E-4117-9759-12FE27D6F05B}.Debug|Any CPU.Build.0 = Debug|Any CPU
		{C30CF711-FA9E-4117-9759-12FE27D6F05B}.Release|Any CPU.ActiveCfg = Release|Any CPU
		{C30CF711-FA9E-4117-9759-12FE27D6F05B}.Release|Any CPU.Build.0 = Release|Any CPU
		{63786CE5-D899-43DF-AD4E-C2CA3BAC3FC2}.Debug|Any CPU.ActiveCfg = Debug|Any CPU
		{63786CE5-D899-43DF-AD4E-C2CA3BAC3FC2}.Debug|Any CPU.Build.0 = Debug|Any CPU
		{63786CE5-D899-43DF-AD4E-C2CA3BAC3FC2}.Release|Any CPU.ActiveCfg = Release|Any CPU
		{63786CE5-D899-43DF-AD4E-C2CA3BAC3FC2}.Release|Any CPU.Build.0 = Release|Any CPU
		{BD5259A0-0735-456A-9B93-C665AA0A3353}.Debug|Any CPU.ActiveCfg = Debug|Any CPU
		{BD5259A0-0735-456A-9B93-C665AA0A3353}.Debug|Any CPU.Build.0 = Debug|Any CPU
		{BD5259A0-0735-456A-9B93-C665AA0A3353}.Release|Any CPU.ActiveCfg = Release|Any CPU
		{BD5259A0-0735-456A-9B93-C665AA0A3353}.Release|Any CPU.Build.0 = Release|Any CPU
		{E447B66C-DACE-41E3-97EE-2B4E02F3FE2F}.Debug|Any CPU.ActiveCfg = Debug|Any CPU
		{E447B66C-DACE-41E3-97EE-2B4E02F3FE2F}.Debug|Any CPU.Build.0 = Debug|Any CPU
		{E447B66C-DACE-41E3-97EE-2B4E02F3FE2F}.Release|Any CPU.ActiveCfg = Release|Any CPU
		{E447B66C-DACE-41E3-97EE-2B4E02F3FE2F}.Release|Any CPU.Build.0 = Release|Any CPU
	EndGlobalSection
	GlobalSection(SolutionProperties) = preSolution
		HideSolutionNode = FALSE
	EndGlobalSection
	GlobalSection(NestedProjects) = preSolution
		{48B4F3A3-FA21-432A-A8D3-97FD964E0061} = {38A57A5C-EF3C-423E-A33E-5796E03760AD}
		{2AA3DFDF-F71D-4ACE-BFD5-0100EC753BC8} = {38A57A5C-EF3C-423E-A33E-5796E03760AD}
		{C30CF711-FA9E-4117-9759-12FE27D6F05B} = {38A57A5C-EF3C-423E-A33E-5796E03760AD}
	EndGlobalSection
EndGlobal
