
Microsoft Visual Studio Solution File, Format Version 12.00
# Visual Studio 15
VisualStudioVersion = 15.0.26430.14
MinimumVisualStudioVersion = 10.0.40219.1
Project("{2150E333-8FDC-42A3-9474-1A3956D46DE8}") = "~Tests", "~Tests", "{38A57A5C-EF3C-423E-A33E-5796E03760AD}"
EndProject
Project("{FAE04EC0-301F-11D3-BF4B-00C04F79EFBC}") = "RedArrow.Argo.Fody.InSolutionWeaver", "Weavers\RedArrow.Argo.Fody.InSolutionWeaver.csproj", "{E447B66C-DACE-41E3-97EE-2B4E02F3FE2F}"
EndProject
Project("{2150E333-8FDC-42A3-9474-1A3956D46DE8}") = "Client", "Client", "{592EB2FD-C99F-4C18-81E8-3F429032F004}"
EndProject
Project("{2150E333-8FDC-42A3-9474-1A3956D46DE8}") = "Fody", "Fody", "{1F076D25-FB41-4D5D-BAF0-5E43403A4F6B}"
EndProject
Project("{FAE04EC0-301F-11D3-BF4B-00C04F79EFBC}") = "Fody.Nuget", "Fody.NuGet\Fody.Nuget.csproj", "{63786CE5-D899-43DF-AD4E-C2CA3BAC3FC2}"
	ProjectSection(ProjectDependencies) = postProject
		{BD5259A0-0735-456A-9B93-C665AA0A3353} = {BD5259A0-0735-456A-9B93-C665AA0A3353}
		{F540B5CA-B7C2-4799-9EB2-B5401BD1F28C} = {F540B5CA-B7C2-4799-9EB2-B5401BD1F28C}
	EndProjectSection
EndProject
Project("{FAE04EC0-301F-11D3-BF4B-00C04F79EFBC}") = "Client.Nuget", "Client.Nuget\Client.Nuget.csproj", "{087265B2-671A-4D68-BFC9-1AC59FCBC8E0}"
	ProjectSection(ProjectDependencies) = postProject
		{CCF8A55F-64F2-4305-ABAD-2A3DF0FD3FE0} = {CCF8A55F-64F2-4305-ABAD-2A3DF0FD3FE0}
		{F540B5CA-B7C2-4799-9EB2-B5401BD1F28C} = {F540B5CA-B7C2-4799-9EB2-B5401BD1F28C}
	EndProjectSection
EndProject
Project("{FAE04EC0-301F-11D3-BF4B-00C04F79EFBC}") = "RedArrow.Argo", "RedArrow.Argo\RedArrow.Argo.csproj", "{F540B5CA-B7C2-4799-9EB2-B5401BD1F28C}"
EndProject
Project("{FAE04EC0-301F-11D3-BF4B-00C04F79EFBC}") = "RedArrow.Argo.Fody", "RedArrow.Argo.Fody\RedArrow.Argo.Fody.csproj", "{BD5259A0-0735-456A-9B93-C665AA0A3353}"
EndProject
Project("{FAE04EC0-301F-11D3-BF4B-00C04F79EFBC}") = "RedArrow.Argo.Client", "RedArrow.Argo.Client\RedArrow.Argo.Client.csproj", "{CCF8A55F-64F2-4305-ABAD-2A3DF0FD3FE0}"
EndProject
Project("{FAE04EC0-301F-11D3-BF4B-00C04F79EFBC}") = "RedArrow.Argo.Client.Tests", "RedArrow.Argo.Client.Tests\RedArrow.Argo.Client.Tests.csproj", "{E39802F1-9855-47BC-A944-AD03564C7C71}"
EndProject
Project("{FAE04EC0-301F-11D3-BF4B-00C04F79EFBC}") = "RedArrow.Argo.TestUtils", "RedArrow.Argo.TestUtils\RedArrow.Argo.TestUtils.csproj", "{82812774-13B2-4733-A029-89252E6E6DF4}"
EndProject
Project("{2150E333-8FDC-42A3-9474-1A3956D46DE8}") = "WovenAssemblies", "WovenAssemblies", "{AD3337CD-2C78-4F77-BB79-F34F0A91E452}"
EndProject
Project("{D954291E-2A0B-460D-934E-DC6B0785DB48}") = "WovenByFody", "WovenByFody\WovenByFody.shproj", "{686D9227-964C-4073-AAFF-A26CCEC1CA48}"
EndProject
Project("{D954291E-2A0B-460D-934E-DC6B0785DB48}") = "RedArrow.Argo.Fody.Shared", "RedArrow.Argo.Fody.Shared\RedArrow.Argo.Fody.Shared.shproj", "{08771A46-2734-466E-BA0D-DDEC49301EEA}"
EndProject
Project("{FAE04EC0-301F-11D3-BF4B-00C04F79EFBC}") = "RedArrow.Argo.Client.Integration", "RedArrow.Argo.Client.Integration\RedArrow.Argo.Client.Integration.csproj", "{C30CF711-FA9E-4117-9759-12FE27D6F05B}"
EndProject
Project("{9A19103F-16F7-4668-BE54-9A1E7A4F7556}") = "WovenByFody.NETStandard14", "WovenByFody.NETStandard14\WovenByFody.NETStandard14.csproj", "{A5A88694-F8E7-4EBE-AAC1-9B8EEA1CFDC6}"
	ProjectSection(ProjectDependencies) = postProject
		{E447B66C-DACE-41E3-97EE-2B4E02F3FE2F} = {E447B66C-DACE-41E3-97EE-2B4E02F3FE2F}
	EndProjectSection
EndProject
Project("{9A19103F-16F7-4668-BE54-9A1E7A4F7556}") = "WovenByFody.NETCore10", "WovenByFody.NETCore10\WovenByFody.NETCore10.csproj", "{D1285AC3-98B4-4CA3-99FE-0948C25A251A}"
EndProject
Project("{9A19103F-16F7-4668-BE54-9A1E7A4F7556}") = "WovenByFody.NETStandard15", "WovenByFody.NETStandard15\WovenByFody.NETStandard15.csproj", "{7A26DC44-2D0A-42CD-BDC9-DACB5E215AFB}"
EndProject
Project("{9A19103F-16F7-4668-BE54-9A1E7A4F7556}") = "WovenByFody.NETCore11", "WovenByFody.NETCore11\WovenByFody.NETCore11.csproj", "{520962AE-5BFC-4A3B-AABF-67F3DB664DCA}"
EndProject
Project("{9A19103F-16F7-4668-BE54-9A1E7A4F7556}") = "WovenByFody.NETStandard16", "WovenByFody.NETStandard16\WovenByFody.NETStandard16.csproj", "{18C9D33F-E2F1-47D1-99AB-162F9AD35322}"
EndProject
Project("{FAE04EC0-301F-11D3-BF4B-00C04F79EFBC}") = "WovenByFody.NETFramework461", "WovenByFody.NETFramework461\WovenByFody.NETFramework461.csproj", "{355BB587-CE51-4C0F-8C29-99D6CBD270AF}"
EndProject
Project("{FAE04EC0-301F-11D3-BF4B-00C04F79EFBC}") = "WovenByFody.NETFramework462", "WovenByFody.NETFramework462\WovenByFody.NETFramework462.csproj", "{BDD9E464-9918-430A-A51E-9908C5B144CF}"
EndProject
Project("{9A19103F-16F7-4668-BE54-9A1E7A4F7556}") = "WovenByFody.ASP.NETCore11", "WovenByFody.ASP.NETCore11\WovenByFody.ASP.NETCore11.csproj", "{4E39A4AA-61FA-4994-BEF6-921FC41C5E04}"
EndProject
Global
	GlobalSection(SharedMSBuildProjectFiles) = preSolution
		RedArrow.Argo.Fody.Shared\RedArrow.Argo.Fody.Shared.projitems*{08771a46-2734-466e-ba0d-ddec49301eea}*SharedItemsImports = 13
		WovenByFody\WovenByFody.projitems*{355bb587-ce51-4c0f-8c29-99d6cbd270af}*SharedItemsImports = 4
		WovenByFody\WovenByFody.projitems*{686d9227-964c-4073-aaff-a26ccec1ca48}*SharedItemsImports = 13
		RedArrow.Argo.Fody.Shared\RedArrow.Argo.Fody.Shared.projitems*{bd5259a0-0735-456a-9b93-c665aa0a3353}*SharedItemsImports = 4
		WovenByFody\WovenByFody.projitems*{bdd9e464-9918-430a-a51e-9908c5b144cf}*SharedItemsImports = 4
		RedArrow.Argo.Fody.Shared\RedArrow.Argo.Fody.Shared.projitems*{e447b66c-dace-41e3-97ee-2b4e02f3fe2f}*SharedItemsImports = 4
	EndGlobalSection
	GlobalSection(SolutionConfigurationPlatforms) = preSolution
		Debug|Any CPU = Debug|Any CPU
		Release|Any CPU = Release|Any CPU
	EndGlobalSection
	GlobalSection(ProjectConfigurationPlatforms) = postSolution
		{E447B66C-DACE-41E3-97EE-2B4E02F3FE2F}.Debug|Any CPU.ActiveCfg = Debug|Any CPU
		{E447B66C-DACE-41E3-97EE-2B4E02F3FE2F}.Debug|Any CPU.Build.0 = Debug|Any CPU
		{E447B66C-DACE-41E3-97EE-2B4E02F3FE2F}.Release|Any CPU.ActiveCfg = Release|Any CPU
		{E447B66C-DACE-41E3-97EE-2B4E02F3FE2F}.Release|Any CPU.Build.0 = Release|Any CPU
		{63786CE5-D899-43DF-AD4E-C2CA3BAC3FC2}.Debug|Any CPU.ActiveCfg = Debug|Any CPU
		{63786CE5-D899-43DF-AD4E-C2CA3BAC3FC2}.Debug|Any CPU.Build.0 = Debug|Any CPU
		{63786CE5-D899-43DF-AD4E-C2CA3BAC3FC2}.Release|Any CPU.ActiveCfg = Release|Any CPU
		{63786CE5-D899-43DF-AD4E-C2CA3BAC3FC2}.Release|Any CPU.Build.0 = Release|Any CPU
		{087265B2-671A-4D68-BFC9-1AC59FCBC8E0}.Debug|Any CPU.ActiveCfg = Debug|Any CPU
		{087265B2-671A-4D68-BFC9-1AC59FCBC8E0}.Debug|Any CPU.Build.0 = Debug|Any CPU
		{087265B2-671A-4D68-BFC9-1AC59FCBC8E0}.Release|Any CPU.ActiveCfg = Release|Any CPU
		{087265B2-671A-4D68-BFC9-1AC59FCBC8E0}.Release|Any CPU.Build.0 = Release|Any CPU
		{F540B5CA-B7C2-4799-9EB2-B5401BD1F28C}.Debug|Any CPU.ActiveCfg = Debug|Any CPU
		{F540B5CA-B7C2-4799-9EB2-B5401BD1F28C}.Debug|Any CPU.Build.0 = Debug|Any CPU
		{F540B5CA-B7C2-4799-9EB2-B5401BD1F28C}.Release|Any CPU.ActiveCfg = Release|Any CPU
		{F540B5CA-B7C2-4799-9EB2-B5401BD1F28C}.Release|Any CPU.Build.0 = Release|Any CPU
		{BD5259A0-0735-456A-9B93-C665AA0A3353}.Debug|Any CPU.ActiveCfg = Debug|Any CPU
		{BD5259A0-0735-456A-9B93-C665AA0A3353}.Debug|Any CPU.Build.0 = Debug|Any CPU
		{BD5259A0-0735-456A-9B93-C665AA0A3353}.Release|Any CPU.ActiveCfg = Release|Any CPU
		{BD5259A0-0735-456A-9B93-C665AA0A3353}.Release|Any CPU.Build.0 = Release|Any CPU
		{CCF8A55F-64F2-4305-ABAD-2A3DF0FD3FE0}.Debug|Any CPU.ActiveCfg = Debug|Any CPU
		{CCF8A55F-64F2-4305-ABAD-2A3DF0FD3FE0}.Debug|Any CPU.Build.0 = Debug|Any CPU
		{CCF8A55F-64F2-4305-ABAD-2A3DF0FD3FE0}.Release|Any CPU.ActiveCfg = Release|Any CPU
		{CCF8A55F-64F2-4305-ABAD-2A3DF0FD3FE0}.Release|Any CPU.Build.0 = Release|Any CPU
		{E39802F1-9855-47BC-A944-AD03564C7C71}.Debug|Any CPU.ActiveCfg = Debug|Any CPU
		{E39802F1-9855-47BC-A944-AD03564C7C71}.Debug|Any CPU.Build.0 = Debug|Any CPU
		{E39802F1-9855-47BC-A944-AD03564C7C71}.Release|Any CPU.ActiveCfg = Release|Any CPU
		{E39802F1-9855-47BC-A944-AD03564C7C71}.Release|Any CPU.Build.0 = Release|Any CPU
		{82812774-13B2-4733-A029-89252E6E6DF4}.Debug|Any CPU.ActiveCfg = Debug|Any CPU
		{82812774-13B2-4733-A029-89252E6E6DF4}.Debug|Any CPU.Build.0 = Debug|Any CPU
		{82812774-13B2-4733-A029-89252E6E6DF4}.Release|Any CPU.ActiveCfg = Release|Any CPU
		{82812774-13B2-4733-A029-89252E6E6DF4}.Release|Any CPU.Build.0 = Release|Any CPU
		{C30CF711-FA9E-4117-9759-12FE27D6F05B}.Debug|Any CPU.ActiveCfg = Debug|Any CPU
		{C30CF711-FA9E-4117-9759-12FE27D6F05B}.Debug|Any CPU.Build.0 = Debug|Any CPU
		{C30CF711-FA9E-4117-9759-12FE27D6F05B}.Release|Any CPU.ActiveCfg = Release|Any CPU
		{C30CF711-FA9E-4117-9759-12FE27D6F05B}.Release|Any CPU.Build.0 = Release|Any CPU
		{A5A88694-F8E7-4EBE-AAC1-9B8EEA1CFDC6}.Debug|Any CPU.ActiveCfg = Debug|Any CPU
		{A5A88694-F8E7-4EBE-AAC1-9B8EEA1CFDC6}.Debug|Any CPU.Build.0 = Debug|Any CPU
		{A5A88694-F8E7-4EBE-AAC1-9B8EEA1CFDC6}.Release|Any CPU.ActiveCfg = Release|Any CPU
		{A5A88694-F8E7-4EBE-AAC1-9B8EEA1CFDC6}.Release|Any CPU.Build.0 = Release|Any CPU
		{D1285AC3-98B4-4CA3-99FE-0948C25A251A}.Debug|Any CPU.ActiveCfg = Debug|Any CPU
		{D1285AC3-98B4-4CA3-99FE-0948C25A251A}.Debug|Any CPU.Build.0 = Debug|Any CPU
		{D1285AC3-98B4-4CA3-99FE-0948C25A251A}.Release|Any CPU.ActiveCfg = Release|Any CPU
		{D1285AC3-98B4-4CA3-99FE-0948C25A251A}.Release|Any CPU.Build.0 = Release|Any CPU
		{7A26DC44-2D0A-42CD-BDC9-DACB5E215AFB}.Debug|Any CPU.ActiveCfg = Debug|Any CPU
		{7A26DC44-2D0A-42CD-BDC9-DACB5E215AFB}.Debug|Any CPU.Build.0 = Debug|Any CPU
		{7A26DC44-2D0A-42CD-BDC9-DACB5E215AFB}.Release|Any CPU.ActiveCfg = Release|Any CPU
		{7A26DC44-2D0A-42CD-BDC9-DACB5E215AFB}.Release|Any CPU.Build.0 = Release|Any CPU
		{520962AE-5BFC-4A3B-AABF-67F3DB664DCA}.Debug|Any CPU.ActiveCfg = Debug|Any CPU
		{520962AE-5BFC-4A3B-AABF-67F3DB664DCA}.Debug|Any CPU.Build.0 = Debug|Any CPU
		{520962AE-5BFC-4A3B-AABF-67F3DB664DCA}.Release|Any CPU.ActiveCfg = Release|Any CPU
		{520962AE-5BFC-4A3B-AABF-67F3DB664DCA}.Release|Any CPU.Build.0 = Release|Any CPU
		{18C9D33F-E2F1-47D1-99AB-162F9AD35322}.Debug|Any CPU.ActiveCfg = Debug|Any CPU
		{18C9D33F-E2F1-47D1-99AB-162F9AD35322}.Debug|Any CPU.Build.0 = Debug|Any CPU
		{18C9D33F-E2F1-47D1-99AB-162F9AD35322}.Release|Any CPU.ActiveCfg = Release|Any CPU
		{18C9D33F-E2F1-47D1-99AB-162F9AD35322}.Release|Any CPU.Build.0 = Release|Any CPU
		{355BB587-CE51-4C0F-8C29-99D6CBD270AF}.Debug|Any CPU.ActiveCfg = Debug|Any CPU
		{355BB587-CE51-4C0F-8C29-99D6CBD270AF}.Debug|Any CPU.Build.0 = Debug|Any CPU
		{355BB587-CE51-4C0F-8C29-99D6CBD270AF}.Release|Any CPU.ActiveCfg = Release|Any CPU
		{355BB587-CE51-4C0F-8C29-99D6CBD270AF}.Release|Any CPU.Build.0 = Release|Any CPU
		{BDD9E464-9918-430A-A51E-9908C5B144CF}.Debug|Any CPU.ActiveCfg = Debug|Any CPU
		{BDD9E464-9918-430A-A51E-9908C5B144CF}.Debug|Any CPU.Build.0 = Debug|Any CPU
		{BDD9E464-9918-430A-A51E-9908C5B144CF}.Release|Any CPU.ActiveCfg = Release|Any CPU
		{BDD9E464-9918-430A-A51E-9908C5B144CF}.Release|Any CPU.Build.0 = Release|Any CPU
		{4E39A4AA-61FA-4994-BEF6-921FC41C5E04}.Debug|Any CPU.ActiveCfg = Debug|Any CPU
		{4E39A4AA-61FA-4994-BEF6-921FC41C5E04}.Debug|Any CPU.Build.0 = Debug|Any CPU
		{4E39A4AA-61FA-4994-BEF6-921FC41C5E04}.Release|Any CPU.ActiveCfg = Release|Any CPU
		{4E39A4AA-61FA-4994-BEF6-921FC41C5E04}.Release|Any CPU.Build.0 = Release|Any CPU
	EndGlobalSection
	GlobalSection(SolutionProperties) = preSolution
		HideSolutionNode = FALSE
	EndGlobalSection
	GlobalSection(NestedProjects) = preSolution
		{E447B66C-DACE-41E3-97EE-2B4E02F3FE2F} = {1F076D25-FB41-4D5D-BAF0-5E43403A4F6B}
		{63786CE5-D899-43DF-AD4E-C2CA3BAC3FC2} = {1F076D25-FB41-4D5D-BAF0-5E43403A4F6B}
		{087265B2-671A-4D68-BFC9-1AC59FCBC8E0} = {592EB2FD-C99F-4C18-81E8-3F429032F004}
		{BD5259A0-0735-456A-9B93-C665AA0A3353} = {1F076D25-FB41-4D5D-BAF0-5E43403A4F6B}
		{CCF8A55F-64F2-4305-ABAD-2A3DF0FD3FE0} = {592EB2FD-C99F-4C18-81E8-3F429032F004}
		{E39802F1-9855-47BC-A944-AD03564C7C71} = {38A57A5C-EF3C-423E-A33E-5796E03760AD}
		{82812774-13B2-4733-A029-89252E6E6DF4} = {38A57A5C-EF3C-423E-A33E-5796E03760AD}
		{AD3337CD-2C78-4F77-BB79-F34F0A91E452} = {38A57A5C-EF3C-423E-A33E-5796E03760AD}
		{686D9227-964C-4073-AAFF-A26CCEC1CA48} = {AD3337CD-2C78-4F77-BB79-F34F0A91E452}
		{08771A46-2734-466E-BA0D-DDEC49301EEA} = {1F076D25-FB41-4D5D-BAF0-5E43403A4F6B}
		{C30CF711-FA9E-4117-9759-12FE27D6F05B} = {38A57A5C-EF3C-423E-A33E-5796E03760AD}
		{A5A88694-F8E7-4EBE-AAC1-9B8EEA1CFDC6} = {AD3337CD-2C78-4F77-BB79-F34F0A91E452}
		{D1285AC3-98B4-4CA3-99FE-0948C25A251A} = {AD3337CD-2C78-4F77-BB79-F34F0A91E452}
		{7A26DC44-2D0A-42CD-BDC9-DACB5E215AFB} = {AD3337CD-2C78-4F77-BB79-F34F0A91E452}
		{520962AE-5BFC-4A3B-AABF-67F3DB664DCA} = {AD3337CD-2C78-4F77-BB79-F34F0A91E452}
		{18C9D33F-E2F1-47D1-99AB-162F9AD35322} = {AD3337CD-2C78-4F77-BB79-F34F0A91E452}
		{355BB587-CE51-4C0F-8C29-99D6CBD270AF} = {AD3337CD-2C78-4F77-BB79-F34F0A91E452}
		{BDD9E464-9918-430A-A51E-9908C5B144CF} = {AD3337CD-2C78-4F77-BB79-F34F0A91E452}
		{4E39A4AA-61FA-4994-BEF6-921FC41C5E04} = {AD3337CD-2C78-4F77-BB79-F34F0A91E452}
	EndGlobalSection
EndGlobal
